
Microsoft Visual Studio Solution File, Format Version 12.00
# Visual Studio 15
VisualStudioVersion = 15.0.26403.3
MinimumVisualStudioVersion = 10.0.40219.1
Project("{FAE04EC0-301F-11D3-BF4B-00C04F79EFBC}") = "TokenSigning", "TokenSigning\TokenSigning.csproj", "{9893CDCE-EA37-4716-A893-95B336312681}"
	ProjectSection(ProjectDependencies) = postProject
		{D9A5854F-1E66-4F9F-A079-CE3F7489DA6B} = {D9A5854F-1E66-4F9F-A079-CE3F7489DA6B}
	EndProjectSection
EndProject
Project("{FAE04EC0-301F-11D3-BF4B-00C04F79EFBC}") = "HostBackend", "HostBackend\HostBackend.csproj", "{D9A5854F-1E66-4F9F-A079-CE3F7489DA6B}"
EndProject
Global
	GlobalSection(SolutionConfigurationPlatforms) = preSolution
		Debug|Any CPU = Debug|Any CPU
		Debug|x64 = Debug|x64
		Debug|x86 = Debug|x86
		Release|Any CPU = Release|Any CPU
		Release|x64 = Release|x64
		Release|x86 = Release|x86
	EndGlobalSection
	GlobalSection(ProjectConfigurationPlatforms) = postSolution
		{9893CDCE-EA37-4716-A893-95B336312681}.Debug|Any CPU.ActiveCfg = Debug|x86
		{9893CDCE-EA37-4716-A893-95B336312681}.Debug|Any CPU.Build.0 = Debug|x86
		{9893CDCE-EA37-4716-A893-95B336312681}.Debug|x64.ActiveCfg = Debug|x64
		{9893CDCE-EA37-4716-A893-95B336312681}.Debug|x64.Build.0 = Debug|x64
		{9893CDCE-EA37-4716-A893-95B336312681}.Debug|x64.Deploy.0 = Debug|x64
		{9893CDCE-EA37-4716-A893-95B336312681}.Debug|x86.ActiveCfg = Debug|x86
		{9893CDCE-EA37-4716-A893-95B336312681}.Debug|x86.Build.0 = Debug|x86
		{9893CDCE-EA37-4716-A893-95B336312681}.Debug|x86.Deploy.0 = Debug|x86
		{9893CDCE-EA37-4716-A893-95B336312681}.Release|Any CPU.ActiveCfg = Release|x86
		{9893CDCE-EA37-4716-A893-95B336312681}.Release|Any CPU.Build.0 = Release|x86
		{9893CDCE-EA37-4716-A893-95B336312681}.Release|x64.ActiveCfg = Release|x64
		{9893CDCE-EA37-4716-A893-95B336312681}.Release|x64.Build.0 = Release|x64
		{9893CDCE-EA37-4716-A893-95B336312681}.Release|x64.Deploy.0 = Release|x64
		{9893CDCE-EA37-4716-A893-95B336312681}.Release|x86.ActiveCfg = Release|x86
		{9893CDCE-EA37-4716-A893-95B336312681}.Release|x86.Build.0 = Release|x86
		{9893CDCE-EA37-4716-A893-95B336312681}.Release|x86.Deploy.0 = Release|x86
		{D9A5854F-1E66-4F9F-A079-CE3F7489DA6B}.Debug|Any CPU.ActiveCfg = Debug|Any CPU
		{D9A5854F-1E66-4F9F-A079-CE3F7489DA6B}.Debug|Any CPU.Build.0 = Debug|Any CPU
		{D9A5854F-1E66-4F9F-A079-CE3F7489DA6B}.Debug|x64.ActiveCfg = Debug|Any CPU
		{D9A5854F-1E66-4F9F-A079-CE3F7489DA6B}.Debug|x64.Build.0 = Debug|Any CPU
		{D9A5854F-1E66-4F9F-A079-CE3F7489DA6B}.Debug|x86.ActiveCfg = Debug|Any CPU
		{D9A5854F-1E66-4F9F-A079-CE3F7489DA6B}.Debug|x86.Build.0 = Debug|Any CPU
		{D9A5854F-1E66-4F9F-A079-CE3F7489DA6B}.Release|Any CPU.ActiveCfg = Release|Any CPU
		{D9A5854F-1E66-4F9F-A079-CE3F7489DA6B}.Release|Any CPU.Build.0 = Release|Any CPU
		{D9A5854F-1E66-4F9F-A079-CE3F7489DA6B}.Release|x64.ActiveCfg = Release|Any CPU
		{D9A5854F-1E66-4F9F-A079-CE3F7489DA6B}.Release|x64.Build.0 = Release|Any CPU
		{D9A5854F-1E66-4F9F-A079-CE3F7489DA6B}.Release|x86.ActiveCfg = Release|Any CPU
		{D9A5854F-1E66-4F9F-A079-CE3F7489DA6B}.Release|x86.Build.0 = Release|Any CPU
	EndGlobalSection
	GlobalSection(SolutionProperties) = preSolution
		HideSolutionNode = FALSE
	EndGlobalSection
	GlobalSection(ExtensibilityGlobals) = postSolution
		SolutionGuid = {183D8869-35A8-4223-8AD6-19DDA0A992C4}
	EndGlobalSection
EndGlobal
